Microsoft Visual Studio Solution File, Format Version 12.00
# Visual Studio Version 17
VisualStudioVersion = 17.13.35931.197
MinimumVisualStudioVersion = 10.0.40219.1
Project("{8BC9CEB8-8B4A-11D0-8D11-00A0C91BC942}") = "Jyutping", "Jyutping\Jyutping.vcxproj", "{0C8FE010-5146-44D8-AF99-82702C15FEA5}"
EndProject
Global
	GlobalSection(SolutionConfigurationPlatforms) = preSolution
		Debug|ARM64 = Debug|ARM64
		Debug|x64 = Debug|x64
		Release|ARM64 = Release|ARM64
		Release|x64 = Release|x64
	EndGlobalSection
	GlobalSection(ProjectConfigurationPlatforms) = postSolution
		{0C8FE010-5146-44D8-AF99-82702C15FEA5}.Debug|ARM64.ActiveCfg = Debug|ARM64
		{0C8FE010-5146-44D8-AF99-82702C15FEA5}.Debug|ARM64.Build.0 = Debug|ARM64
		{0C8FE010-5146-44D8-AF99-82702C15FEA5}.Debug|x64.ActiveCfg = Debug|x64
		{0C8FE010-5146-44D8-AF99-82702C15FEA5}.Debug|x64.Build.0 = Debug|x64
		{0C8FE010-5146-44D8-AF99-82702C15FEA5}.Release|ARM64.ActiveCfg = Release|ARM64
		{0C8FE010-5146-44D8-AF99-82702C15FEA5}.Release|ARM64.Build.0 = Release|ARM64
		{0C8FE010-5146-44D8-AF99-82702C15FEA5}.Release|x64.ActiveCfg = Release|x64
		{0C8FE010-5146-44D8-AF99-82702C15FEA5}.Release|x64.Build.0 = Release|x64
	EndGlobalSection
	GlobalSection(SolutionProperties) = preSolution
		HideSolutionNode = FALSE
	EndGlobalSection
	GlobalSection(ExtensibilityGlobals) = postSolution
		SolutionGuid = {AE9F7DA8-79F9-4AC2-B51C-CC6AD7AD4AEA}
	EndGlobalSection
EndGlobal
